
Microsoft Visual Studio Solution File, Format Version 12.00
# Visual Studio Version 16
VisualStudioVersion = 16.0.31702.278
MinimumVisualStudioVersion = 10.0.40219.1
Project("{FAE04EC0-301F-11D3-BF4B-00C04F79EFBC}") = "XamarinLocationApp.Android", "XamarinLocationApp\XamarinLocationApp.Android\XamarinLocationApp.Android.csproj", "{E78E4C6C-1780-4B40-99BB-AE2965BC3F0E}"
EndProject
Project("{FAE04EC0-301F-11D3-BF4B-00C04F79EFBC}") = "XamarinLocationApp.iOS", "XamarinLocationApp\XamarinLocationApp.iOS\XamarinLocationApp.iOS.csproj", "{ACB6C081-16CA-473A-8B93-EC042FEB0F8B}"
EndProject
Project("{FAE04EC0-301F-11D3-BF4B-00C04F79EFBC}") = "XamarinLocationApp", "XamarinLocationApp\XamarinLocationApp\XamarinLocationApp.csproj", "{EF15F242-2BDB-40B7-BC99-920D65B601A3}"
EndProject
Global
	GlobalSection(SolutionConfigurationPlatforms) = preSolution
		Debug|Any CPU = Debug|Any CPU
		Debug|iPhone = Debug|iPhone
		Debug|iPhoneSimulator = Debug|iPhoneSimulator
		Release|Any CPU = Release|Any CPU
		Release|iPhone = Release|iPhone
		Release|iPhoneSimulator = Release|iPhoneSimulator
	EndGlobalSection
	GlobalSection(ProjectConfigurationPlatforms) = postSolution
		{E78E4C6C-1780-4B40-99BB-AE2965BC3F0E}.Debug|Any CPU.ActiveCfg = Debug|Any CPU
		{E78E4C6C-1780-4B40-99BB-AE2965BC3F0E}.Debug|Any CPU.Build.0 = Debug|Any CPU
		{E78E4C6C-1780-4B40-99BB-AE2965BC3F0E}.Debug|Any CPU.Deploy.0 = Debug|Any CPU
		{E78E4C6C-1780-4B40-99BB-AE2965BC3F0E}.Debug|iPhone.ActiveCfg = Debug|Any CPU
		{E78E4C6C-1780-4B40-99BB-AE2965BC3F0E}.Debug|iPhone.Build.0 = Debug|Any CPU
		{E78E4C6C-1780-4B40-99BB-AE2965BC3F0E}.Debug|iPhone.Deploy.0 = Debug|Any CPU
		{E78E4C6C-1780-4B40-99BB-AE2965BC3F0E}.Debug|iPhoneSimulator.ActiveCfg = Debug|Any CPU
		{E78E4C6C-1780-4B40-99BB-AE2965BC3F0E}.Debug|iPhoneSimulator.Build.0 = Debug|Any CPU
		{E78E4C6C-1780-4B40-99BB-AE2965BC3F0E}.Debug|iPhoneSimulator.Deploy.0 = Debug|Any CPU
		{E78E4C6C-1780-4B40-99BB-AE2965BC3F0E}.Release|Any CPU.ActiveCfg = Release|Any CPU
		{E78E4C6C-1780-4B40-99BB-AE2965BC3F0E}.Release|Any CPU.Build.0 = Release|Any CPU
		{E78E4C6C-1780-4B40-99BB-AE2965BC3F0E}.Release|Any CPU.Deploy.0 = Release|Any CPU
		{E78E4C6C-1780-4B40-99BB-AE2965BC3F0E}.Release|iPhone.ActiveCfg = Release|Any CPU
		{E78E4C6C-1780-4B40-99BB-AE2965BC3F0E}.Release|iPhone.Build.0 = Release|Any CPU
		{E78E4C6C-1780-4B40-99BB-AE2965BC3F0E}.Release|iPhone.Deploy.0 = Release|Any CPU
		{E78E4C6C-1780-4B40-99BB-AE2965BC3F0E}.Release|iPhoneSimulator.ActiveCfg = Release|Any CPU
		{E78E4C6C-1780-4B40-99BB-AE2965BC3F0E}.Release|iPhoneSimulator.Build.0 = Release|Any CPU
		{E78E4C6C-1780-4B40-99BB-AE2965BC3F0E}.Release|iPhoneSimulator.Deploy.0 = Release|Any CPU
		{ACB6C081-16CA-473A-8B93-EC042FEB0F8B}.Debug|Any CPU.ActiveCfg = Debug|iPhone
		{ACB6C081-16CA-473A-8B93-EC042FEB0F8B}.Debug|Any CPU.Build.0 = Debug|iPhone
		{ACB6C081-16CA-473A-8B93-EC042FEB0F8B}.Debug|Any CPU.Deploy.0 = Debug|iPhone
		{ACB6C081-16CA-473A-8B93-EC042FEB0F8B}.Debug|iPhone.ActiveCfg = Debug|iPhone
		{ACB6C081-16CA-473A-8B93-EC042FEB0F8B}.Debug|iPhone.Build.0 = Debug|iPhone
		{ACB6C081-16CA-473A-8B93-EC042FEB0F8B}.Debug|iPhone.Deploy.0 = Debug|iPhone
		{ACB6C081-16CA-473A-8B93-EC042FEB0F8B}.Debug|iPhoneSimulator.ActiveCfg = Debug|iPhoneSimulator
		{ACB6C081-16CA-473A-8B93-EC042FEB0F8B}.Debug|iPhoneSimulator.Build.0 = Debug|iPhoneSimulator
		{ACB6C081-16CA-473A-8B93-EC042FEB0F8B}.Debug|iPhoneSimulator.Deploy.0 = Debug|iPhoneSimulator
		{ACB6C081-16CA-473A-8B93-EC042FEB0F8B}.Release|Any CPU.ActiveCfg = Release|iPhoneSimulator
		{ACB6C081-16CA-473A-8B93-EC042FEB0F8B}.Release|Any CPU.Build.0 = Release|iPhoneSimulator
		{ACB6C081-16CA-473A-8B93-EC042FEB0F8B}.Release|Any CPU.Deploy.0 = Release|iPhoneSimulator
		{ACB6C081-16CA-473A-8B93-EC042FEB0F8B}.Release|iPhone.ActiveCfg = Release|iPhone
		{ACB6C081-16CA-473A-8B93-EC042FEB0F8B}.Release|iPhone.Build.0 = Release|iPhone
		{ACB6C081-16CA-473A-8B93-EC042FEB0F8B}.Release|iPhone.Deploy.0 = Release|iPhone
		{ACB6C081-16CA-473A-8B93-EC042FEB0F8B}.Release|iPhoneSimulator.ActiveCfg = Release|iPhoneSimulator
		{ACB6C081-16CA-473A-8B93-EC042FEB0F8B}.Release|iPhoneSimulator.Build.0 = Release|iPhoneSimulator
		{ACB6C081-16CA-473A-8B93-EC042FEB0F8B}.Release|iPhoneSimulator.Deploy.0 = Release|iPhoneSimulator
		{EF15F242-2BDB-40B7-BC99-920D65B601A3}.Debug|Any CPU.ActiveCfg = Debug|Any CPU
		{EF15F242-2BDB-40B7-BC99-920D65B601A3}.Debug|Any CPU.Build.0 = Debug|Any CPU
		{EF15F242-2BDB-40B7-BC99-920D65B601A3}.Debug|Any CPU.Deploy.0 = Debug|Any CPU
		{EF15F242-2BDB-40B7-BC99-920D65B601A3}.Debug|iPhone.ActiveCfg = Debug|Any CPU
		{EF15F242-2BDB-40B7-BC99-920D65B601A3}.Debug|iPhone.Build.0 = Debug|Any CPU
		{EF15F242-2BDB-40B7-BC99-920D65B601A3}.Debug|iPhone.Deploy.0 = Debug|Any CPU
		{EF15F242-2BDB-40B7-BC99-920D65B601A3}.Debug|iPhoneSimulator.ActiveCfg = Debug|Any CPU
		{EF15F242-2BDB-40B7-BC99-920D65B601A3}.Debug|iPhoneSimulator.Build.0 = Debug|Any CPU
		{EF15F242-2BDB-40B7-BC99-920D65B601A3}.Debug|iPhoneSimulator.Deploy.0 = Debug|Any CPU
		{EF15F242-2BDB-40B7-BC99-920D65B601A3}.Release|Any CPU.ActiveCfg = Release|Any CPU
		{EF15F242-2BDB-40B7-BC99-920D65B601A3}.Release|Any CPU.Build.0 = Release|Any CPU
		{EF15F242-2BDB-40B7-BC99-920D65B601A3}.Release|Any CPU.Deploy.0 = Release|Any CPU
		{EF15F242-2BDB-40B7-BC99-920D65B601A3}.Release|iPhone.ActiveCfg = Release|Any CPU
		{EF15F242-2BDB-40B7-BC99-920D65B601A3}.Release|iPhone.Build.0 = Release|Any CPU
		{EF15F242-2BDB-40B7-BC99-920D65B601A3}.Release|iPhone.Deploy.0 = Release|Any CPU
		{EF15F242-2BDB-40B7-BC99-920D65B601A3}.Release|iPhoneSimulator.ActiveCfg = Release|Any CPU
		{EF15F242-2BDB-40B7-BC99-920D65B601A3}.Release|iPhoneSimulator.Build.0 = Release|Any CPU
		{EF15F242-2BDB-40B7-BC99-920D65B601A3}.Release|iPhoneSimulator.Deploy.0 = Release|Any CPU
	EndGlobalSection
	GlobalSection(SolutionProperties) = preSolution
		HideSolutionNode = FALSE
	EndGlobalSection
	GlobalSection(ExtensibilityGlobals) = postSolution
		SolutionGuid = {69488CEC-4E84-4F60-A6C9-3077B84F7813}
	EndGlobalSection
EndGlobal
